{
    "_meta": {
        "hash": {
            "sha256": "9cf269231a0202beab26ff64ccd13299f9bd7ed380adc379428b7b51abf132b5"
        },
        "pipfile-spec": 6,
        "requires": {
            "python_version": "3.9"
        },
        "sources": [
            {
                "name": "pypi",
                "url": "https://pypi.org/simple",
                "verify_ssl": true
            }
        ]
    },
    "default": {
        "certifi": {
            "hashes": [
                "sha256:1a4995114262bffbc2413b159f2a1a480c969de6e6eb13ee966d470af86af59c",
                "sha256:719a74fb9e33b9bd44cc7f3a8d94bc35e4049deebe19ba7d8e108280cfd59830"
            ],
            "version": "==2020.12.5"
        },
        "chardet": {
            "hashes": [
                "sha256:0d6f53a15db4120f2b08c94f11e7d93d2c911ee118b6b30a04ec3ee8310179fa",
                "sha256:f864054d66fd9118f2e67044ac8981a54775ec5b67aed0441892edb553d21da5"
            ],
            "markers": "python_version >= '2.7' and python_version not in '3.0, 3.1, 3.2, 3.3, 3.4'",
            "version": "==4.0.0"
        },
        "common": {
            "hashes": [
                "sha256:3dfa982670abefc870043b239eaa0ecd860be7aa952b1931c1356b426ff8c76a"
            ],
            "index": "pypi",
            "version": "==0.1.2"
        },
        "datetime": {
            "hashes": [
                "sha256:371dba07417b929a4fa685c2f7a3eaa6a62d60c02947831f97d4df9a9e70dfd0",
                "sha256:5cef605bab8259ff61281762cdf3290e459fbf0b4719951d5fab967d5f2ea0ea"
            ],
            "index": "pypi",
            "version": "==4.3"
        },
        "decorator": {
            "hashes": [
                "sha256:41fa54c2a0cc4ba648be4fd43cff00aedf5b9465c9bf18d64325bc225f08f760",
                "sha256:e3a62f0520172440ca0dcc823749319382e377f37f140a0b99ef45fecb84bfe7"
            ],
            "version": "==4.4.2"
        },
        "idna": {
            "hashes": [
                "sha256:b307872f855b18632ce0c21c5e45be78c0ea7ae4c15c828c20788b26921eb3f6",
                "sha256:b97d804b1e9b523befed77c48dacec60e6dcb0b5391d57af6a65a312a90648c0"
            ],
            "markers": "python_version >= '2.7' and python_version not in '3.0, 3.1, 3.2, 3.3'",
            "version": "==2.10"
        },
        "isodate": {
            "hashes": [
                "sha256:2e364a3d5759479cdb2d37cce6b9376ea504db2ff90252a2e5b7cc89cc9ff2d8",
                "sha256:aa4d33c06640f5352aca96e4b81afd8ab3b47337cc12089822d6f322ac772c81"
            ],
            "version": "==0.6.0"
        },
        "lxml": {
            "hashes": [
                "sha256:079f3ae844f38982d156efce585bc540c16a926d4436712cf4baee0cce487a3d",
                "sha256:0fbcf5565ac01dff87cbfc0ff323515c823081c5777a9fc7703ff58388c258c3",
                "sha256:122fba10466c7bd4178b07dba427aa516286b846b2cbd6f6169141917283aae2",
                "sha256:1b7584d421d254ab86d4f0b13ec662a9014397678a7c4265a02a6d7c2b18a75f",
                "sha256:26e761ab5b07adf5f555ee82fb4bfc35bf93750499c6c7614bd64d12aaa67927",
                "sha256:289e9ca1a9287f08daaf796d96e06cb2bc2958891d7911ac7cae1c5f9e1e0ee3",
                "sha256:2a9d50e69aac3ebee695424f7dbd7b8c6d6eb7de2a2eb6b0f6c7db6aa41e02b7",
                "sha256:33bb934a044cf32157c12bfcfbb6649807da20aa92c062ef51903415c704704f",
                "sha256:3439c71103ef0e904ea0a1901611863e51f50b5cd5e8654a151740fde5e1cade",
                "sha256:39b78571b3b30645ac77b95f7c69d1bffc4cf8c3b157c435a34da72e78c82468",
                "sha256:4289728b5e2000a4ad4ab8da6e1db2e093c63c08bdc0414799ee776a3f78da4b",
                "sha256:4bff24dfeea62f2e56f5bab929b4428ae6caba2d1eea0c2d6eb618e30a71e6d4",
                "sha256:542d454665a3e277f76954418124d67516c5f88e51a900365ed54a9806122b83",
                "sha256:5a0a14e264069c03e46f926be0d8919f4105c1623d620e7ec0e612a2e9bf1c04",
                "sha256:66e575c62792c3f9ca47cb8b6fab9e35bab91360c783d1606f758761810c9791",
                "sha256:74f7d8d439b18fa4c385f3f5dfd11144bb87c1da034a466c5b5577d23a1d9b51",
                "sha256:7610b8c31688f0b1be0ef882889817939490a36d0ee880ea562a4e1399c447a1",
                "sha256:76fa7b1362d19f8fbd3e75fe2fb7c79359b0af8747e6f7141c338f0bee2f871a",
                "sha256:7728e05c35412ba36d3e9795ae8995e3c86958179c9770e65558ec3fdfd3724f",
                "sha256:8157dadbb09a34a6bd95a50690595e1fa0af1a99445e2744110e3dca7831c4ee",
                "sha256:820628b7b3135403540202e60551e741f9b6d3304371712521be939470b454ec",
                "sha256:884ab9b29feaca361f7f88d811b1eea9bfca36cf3da27768d28ad45c3ee6f969",
                "sha256:89b8b22a5ff72d89d48d0e62abb14340d9e99fd637d046c27b8b257a01ffbe28",
                "sha256:92e821e43ad382332eade6812e298dc9701c75fe289f2a2d39c7960b43d1e92a",
                "sha256:b007cbb845b28db4fb8b6a5cdcbf65bacb16a8bd328b53cbc0698688a68e1caa",
                "sha256:bc4313cbeb0e7a416a488d72f9680fffffc645f8a838bd2193809881c67dd106",
                "sha256:bccbfc27563652de7dc9bdc595cb25e90b59c5f8e23e806ed0fd623755b6565d",
                "sha256:c4f05c5a7c49d2fb70223d0d5bcfbe474cf928310ac9fa6a7c6dddc831d0b1d4",
                "sha256:ce256aaa50f6cc9a649c51be3cd4ff142d67295bfc4f490c9134d0f9f6d58ef0",
                "sha256:d2e35d7bf1c1ac8c538f88d26b396e73dd81440d59c1ef8522e1ea77b345ede4",
                "sha256:df7c53783a46febb0e70f6b05df2ba104610f2fb0d27023409734a3ecbb78fb2",
                "sha256:efac139c3f0bf4f0939f9375af4b02c5ad83a622de52d6dfa8e438e8e01d0eb0",
                "sha256:efd7a09678fd8b53117f6bae4fa3825e0a22b03ef0a932e070c0bdbb3a35e654",
                "sha256:f2380a6376dfa090227b663f9678150ef27543483055cc327555fb592c5967e2",
                "sha256:f8380c03e45cf09f8557bdaa41e1fa7c81f3ae22828e1db470ab2a6c96d8bc23",
                "sha256:f90ba11136bfdd25cae3951af8da2e95121c9b9b93727b1b896e3fa105b2f586"
            ],
            "index": "pypi",
            "version": "==4.6.3"
        },
        "neobase": {
            "hashes": [
                "sha256:ecc63f1f96e1957c4d69ba8849f1ce315b920382eb01707553198b8fb7a28ff1",
                "sha256:f296c3fd381091c6123e88c20cd65b8f6b5b29fea4011102b26832d9bfa69bb3"
            ],
            "index": "pypi",
            "version": "==0.22"
        },
        "networkx": {
            "hashes": [
                "sha256:0635858ed7e989f4c574c2328380b452df892ae85084144c73d8cd819f0c4e06",
                "sha256:109cd585cac41297f71103c3c42ac6ef7379f29788eb54cb751be5a663bb235a"
            ],
            "index": "pypi",
            "version": "==2.5.1"
        },
        "numpy": {
            "hashes": [
                "sha256:2428b109306075d89d21135bdd6b785f132a1f5a3260c371cee1fae427e12727",
                "sha256:377751954da04d4a6950191b20539066b4e19e3b559d4695399c5e8e3e683bf6",
                "sha256:4703b9e937df83f5b6b7447ca5912b5f5f297aba45f91dbbbc63ff9278c7aa98",
                "sha256:471c0571d0895c68da309dacee4e95a0811d0a9f9f532a48dc1bea5f3b7ad2b7",
                "sha256:61d5b4cf73622e4d0c6b83408a16631b670fc045afd6540679aa35591a17fe6d",
                "sha256:6c915ee7dba1071554e70a3664a839fbc033e1d6528199d4621eeaaa5487ccd2",
                "sha256:6e51e417d9ae2e7848314994e6fc3832c9d426abce9328cf7571eefceb43e6c9",
                "sha256:719656636c48be22c23641859ff2419b27b6bdf844b36a2447cb39caceb00935",
                "sha256:780ae5284cb770ade51d4b4a7dce4faa554eb1d88a56d0e8b9f35fca9b0270ff",
                "sha256:878922bf5ad7550aa044aa9301d417e2d3ae50f0f577de92051d739ac6096cee",
                "sha256:924dc3f83de20437de95a73516f36e09918e9c9c18d5eac520062c49191025fb",
                "sha256:97ce8b8ace7d3b9288d88177e66ee75480fb79b9cf745e91ecfe65d91a856042",
                "sha256:9c0fab855ae790ca74b27e55240fe4f2a36a364a3f1ebcfd1fb5ac4088f1cec3",
                "sha256:9cab23439eb1ebfed1aaec9cd42b7dc50fc96d5cd3147da348d9161f0501ada5",
                "sha256:a8e6859913ec8eeef3dbe9aed3bf475347642d1cdd6217c30f28dee8903528e6",
                "sha256:aa046527c04688af680217fffac61eec2350ef3f3d7320c07fd33f5c6e7b4d5f",
                "sha256:abc81829c4039e7e4c30f7897938fa5d4916a09c2c7eb9b244b7a35ddc9656f4",
                "sha256:bad70051de2c50b1a6259a6df1daaafe8c480ca98132da98976d8591c412e737",
                "sha256:c73a7975d77f15f7f68dacfb2bca3d3f479f158313642e8ea9058eea06637931",
                "sha256:d15007f857d6995db15195217afdbddfcd203dfaa0ba6878a2f580eaf810ecd6",
                "sha256:d76061ae5cab49b83a8cf3feacefc2053fac672728802ac137dd8c4123397677",
                "sha256:e8e4fbbb7e7634f263c5b0150a629342cc19b47c5eba8d1cd4363ab3455ab576",
                "sha256:e9459f40244bb02b2f14f6af0cd0732791d72232bbb0dc4bab57ef88e75f6935",
                "sha256:edb1f041a9146dcf02cd7df7187db46ab524b9af2515f392f337c7cbbf5b52cd"
            ],
            "markers": "python_version >= '3.7'",
            "version": "==1.20.2"
        },
        "pandas": {
            "hashes": [
                "sha256:09761bf5f8c741d47d4b8b9073288de1be39bbfccc281d70b889ade12b2aad29",
                "sha256:0f27fd1adfa256388dc34895ca5437eaf254832223812afd817a6f73127f969c",
                "sha256:43e00770552595c2250d8d712ec8b6e08ca73089ac823122344f023efa4abea3",
                "sha256:46fc671c542a8392a4f4c13edc8527e3a10f6cb62912d856f82248feb747f06e",
                "sha256:475b7772b6e18a93a43ea83517932deff33954a10d4fbae18d0c1aba4182310f",
                "sha256:4d821b9b911fc1b7d428978d04ace33f0af32bb7549525c8a7b08444bce46b74",
                "sha256:5e3c8c60541396110586bcbe6eccdc335a38e7de8c217060edaf4722260b158f",
                "sha256:621c044a1b5e535cf7dcb3ab39fca6f867095c3ef223a524f18f60c7fee028ea",
                "sha256:72ffcea00ae8ffcdbdefff800284311e155fbb5ed6758f1a6110fc1f8f8f0c1c",
                "sha256:8a051e957c5206f722e83f295f95a2cf053e890f9a1fba0065780a8c2d045f5d",
                "sha256:97b1954533b2a74c7e20d1342c4f01311d3203b48f2ebf651891e6a6eaf01104",
                "sha256:9f5829e64507ad10e2561b60baf285c470f3c4454b007c860e77849b88865ae7",
                "sha256:a93e34f10f67d81de706ce00bf8bb3798403cabce4ccb2de10c61b5ae8786ab5",
                "sha256:d59842a5aa89ca03c2099312163ffdd06f56486050e641a45d926a072f04d994",
                "sha256:dbb255975eb94143f2e6ec7dadda671d25147939047839cd6b8a4aff0379bb9b",
                "sha256:df6f10b85aef7a5bb25259ad651ad1cc1d6bb09000595cab47e718cbac250b1d"
            ],
            "index": "pypi",
            "version": "==1.2.3"
        },
        "pyparsing": {
            "hashes": [
                "sha256:c203ec8783bf771a155b207279b9bccb8dea02d8f0c9e5f8ead507bc3246ecc1",
                "sha256:ef9d7589ef3c200abe66653d3f1ab1033c3c419ae9b9bdb1240a85b024efc88b"
            ],
            "markers": "python_version >= '2.6' and python_version not in '3.0, 3.1, 3.2'",
            "version": "==2.4.7"
        },
        "python-dateutil": {
            "hashes": [
                "sha256:73ebfe9dbf22e832286dafa60473e4cd239f8592f699aa5adaf10050e6e1823c",
                "sha256:75bb3f31ea686f1197762692a9ee6a7550b59fc6ca3a1f4b5d7e32fb98e2da2a"
            ],
            "markers": "python_version >= '2.7' and python_version not in '3.0, 3.1, 3.2'",
            "version": "==2.8.1"
        },
        "pytz": {
            "hashes": [
                "sha256:83a4a90894bf38e243cf052c8b58f381bfe9a7a483f6a9cab140bc7f702ac4da",
                "sha256:eb10ce3e7736052ed3623d49975ce333bcd712c7bb19a58b9e2089d4057d0798"
            ],
            "version": "==2021.1"
        },
        "rdflib": {
            "hashes": [
                "sha256:78149dd49d385efec3b3adfbd61c87afaf1281c30d3fcaf1b323b34f603fb155",
                "sha256:88208ea971a87886d60ae2b1a4b2cdc263527af0454c422118d43fe64b357877"
            ],
            "version": "==5.0.0"
        },
        "requests": {
            "hashes": [
                "sha256:27973dd4a904a4f13b263a19c866c13b92a39ed1c964655f025f3f8d3d75b804",
                "sha256:c210084e36a42ae6b9219e00e48287def368a26d03a048ddad7bfee44f75871e"
            ],
            "index": "pypi",
            "version": "==2.25.1"
        },
        "six": {
            "hashes": [
                "sha256:30639c035cdb23534cd4aa2dd52c3bf48f06e5f4a941509c8bafd8ce11080259",
                "sha256:8b74bedcbbbaca38ff6d7491d76f2b06b3592611af620f8426e82dddb04a5ced"
            ],
            "markers": "python_version >= '2.7' and python_version not in '3.0, 3.1, 3.2'",
            "version": "==1.15.0"
        },
        "sparqlwrapper": {
            "hashes": [
                "sha256:17ec44b08b8ae2888c801066249f74fe328eec25d90203ce7eadaf82e64484c7",
                "sha256:357ee8a27bc910ea13d77836dbddd0b914991495b8cc1bf70676578155e962a8",
                "sha256:8cf6c21126ed76edc85c5c232fd6f77b9f61f8ad1db90a7147cdde2104aff145",
                "sha256:c7f9c9d8ebb13428771bc3b6dee54197422507dcc3dea34e30d5dcfc53478dec",
                "sha256:d6a66b5b8cda141660e07aeb00472db077a98d22cb588c973209c7336850fb3c"
            ],
            "index": "pypi",
            "version": "==1.8.5"
        },
        "urllib3": {
            "hashes": [
                "sha256:2f4da4594db7e1e110a944bb1b551fdf4e6c136ad42e4234131391e21eb5b0df",
                "sha256:e7b021f7241115872f92f43c6508082facffbd1c048e3c6e2bb9c2a157e28937"
            ],
            "index": "pypi",
            "version": "==1.26.4"
        },
        "zope.interface": {
            "hashes": [
                "sha256:02d3535aa18e34ce97c58d241120b7554f7d1cf4f8002fc9675cc7e7745d20e8",
                "sha256:0378a42ec284b65706d9ef867600a4a31701a0d6773434e6537cfc744e3343f4",
                "sha256:07d289358a8c565ea09e426590dd1179f93cf5ac3dd17d43fcc4fc63c1a9d275",
                "sha256:0e6cdbdd94ae94d1433ab51f46a76df0f2cd041747c31baec1c1ffa4e76bd0c1",
                "sha256:11354fb8b8bdc5cdd66358ed4f1f0ce739d78ff6d215d33b8f3ae282258c0f11",
                "sha256:12588a46ae0a99f172c4524cbbc3bb870f32e0f8405e9fa11a5ef3fa3a808ad7",
                "sha256:16caa44a06f6b0b2f7626ced4b193c1ae5d09c1b49c9b4962c93ae8aa2134f55",
                "sha256:18c478b89b6505756f007dcf76a67224a23dcf0f365427742ed0c0473099caa4",
                "sha256:221b41442cf4428fcda7fc958c9721c916709e2a3a9f584edd70f1493a09a762",
                "sha256:26109c50ccbcc10f651f76277cfc05fba8418a907daccc300c9247f24b3158a2",
                "sha256:28d8157f8c77662a1e0796a7d3cfa8910289131d4b4dd4e10b2686ab1309b67b",
                "sha256:2c51689b7b40c7d9c7e8a678350e73dc647945a13b4e416e7a02bbf0c37bdb01",
                "sha256:2ec58e1e1691dde4fbbd97f8610de0f8f1b1a38593653f7d3b8e931b9cd6d67f",
                "sha256:416feb6500f7b6fc00d32271f6b8495e67188cb5eb51fc8e289b81fdf465a9cb",
                "sha256:520352b18adea5478bbf387e9c77910a914985671fe36bc5ef19fdcb67a854bc",
                "sha256:527415b5ca201b4add44026f70278fbc0b942cf0801a26ca5527cb0389b6151e",
                "sha256:54243053316b5eec92affe43bbace7c8cd946bc0974a4aa39ff1371df0677b22",
                "sha256:61b8454190b9cc87279232b6de28dee0bad040df879064bb2f0e505cda907918",
                "sha256:672668729edcba0f2ee522ab177fcad91c81cfce991c24d8767765e2637d3515",
                "sha256:67aa26097e194947d29f2b5a123830e03da1519bcce10cac034a51fcdb99c34f",
                "sha256:6e7305e42b5f54e5ccf51820de46f0a7c951ba7cb9e3f519e908545b0f5628d0",
                "sha256:7234ac6782ca43617de803735949f79b894f0c5d353fbc001d745503c69e6d1d",
                "sha256:7426bea25bdf92f00fa52c7b30fcd2a2f71c21cf007178971b1f248b6c2d3145",
                "sha256:74b331c5d5efdddf5bbd9e1f7d8cb91a0d6b9c4ba45ca3e9003047a84dca1a3b",
                "sha256:79b6db1a18253db86e9bf1e99fa829d60fd3fc7ac04f4451c44e4bdcf6756a42",
                "sha256:7d79cd354ae0a033ac7b86a2889c9e8bb0bb48243a6ed27fc5064ce49b842ada",
                "sha256:823d1b4a6a028b8327e64865e2c81a8959ae9f4e7c9c8e0eec814f4f9b36b362",
                "sha256:8715717a5861932b7fe7f3cbd498c82ff4132763e2fea182cc95e53850394ec1",
                "sha256:89a6091f2d07936c8a96ce56f2000ecbef20fb420a94845e7d53913c558a6378",
                "sha256:8af4b3116e4a37059bc8c7fe36d4a73d7c1d8802a1d8b6e549f1380d13a40160",
                "sha256:8b4b0034e6c7f30133fa64a1cc276f8f1a155ef9529e7eb93a3c1728b40c0f5c",
                "sha256:92195df3913c1de80062635bf64cd7bd0d0934a7fa1689b6d287d1cbbd16922c",
                "sha256:96c2e68385f3848d58f19b2975a675532abdb65c8fa5f04d94b95b27b6b1ffa7",
                "sha256:9c7044dbbf8c58420a9ef4ed6901f5a8b7698d90cd984d7f57a18c78474686f6",
                "sha256:a1937efed7e3fe0ee74630e1960df887d8aa83c571e1cf4db9d15b9c181d457d",
                "sha256:a38c10423a475a1658e2cb8f52cf84ec20a4c0adff724dd43a6b45183f499bc1",
                "sha256:a413c424199bcbab71bf5fa7538246f27177fbd6dd74b2d9c5f34878658807f8",
                "sha256:b18a855f8504743e0a2d8b75d008c7720d44e4c76687e13f959e35d9a13eb397",
                "sha256:b4d59ab3608538e550a72cea13d3c209dd72b6e19e832688da7884081c01594e",
                "sha256:b51d3f1cd87f488455f43046d72003689024b0fa9b2d53635db7523033b19996",
                "sha256:c02105deda867d09cdd5088d08708f06d75759df6f83d8f7007b06f422908a30",
                "sha256:c7b6032dc4490b0dcaf078f09f5b382dc35493cb7f473840368bf0de3196c2b6",
                "sha256:c95b355dba2aaf5177dff943b25ded0529a7feb80021d5fdb114a99f0a1ef508",
                "sha256:c980ae87863d76b1ea9a073d6d95554b4135032d34bc541be50c07d4a085821b",
                "sha256:d12895cd083e35e9e032eb4b57645b91116f8979527381a8d864d1f6b8cb4a2e",
                "sha256:d3cd9bad547a8e5fbe712a1dc1413aff1b917e8d39a2cd1389a6f933b7a21460",
                "sha256:e8809b01f27f679e3023b9e2013051e0a3f17abff4228cb5197663afd8a0f2c7",
                "sha256:f3c37b0dc1898e305aad4f7a1d75f6da83036588c28a9ce0afc681ff5245a601",
                "sha256:f966765f54b536e791541458de84a737a6adba8467190f17a8fe7f85354ba908",
                "sha256:fa939c2e2468142c9773443d4038e7c915b0cc1b670d3c9192bdc503f7ea73e9",
                "sha256:fcc5c1f95102989d2e116ffc8467963554ce89f30a65a3ea86a4d06849c498d8"
            ],
            "markers": "python_version >= '2.7' and python_version not in '3.0, 3.1, 3.2, 3.3, 3.4'",
            "version": "==5.3.0"
        }
    },
    "develop": {}
}
